
Microsoft Visual Studio Solution File, Format Version 11.00
# Visual Studio 2010
Project("{FAE04EC0-301F-11D3-BF4B-00C04F79EFBC}") = "Cashfluir", "Cashfluir.csproj", "{C2FECBD0-ADC2-409F-9E35-76393BD21958}"
EndProject
Project("{FAE04EC0-301F-11D3-BF4B-00C04F79EFBC}") = "Cashfluir.Web", "..\Cashfluir.Web\Cashfluir.Web.csproj", "{4333B2F9-C88B-46C7-852D-611376C6934F}"
EndProject
Project("{FAE04EC0-301F-11D3-BF4B-00C04F79EFBC}") = "Cashfluir.Test", "Cashfluir.Test\Cashfluir.Test.csproj", "{A97BE03B-867D-4BD9-A53C-CF19856B2348}"
EndProject
Project("{2150E333-8FDC-42A3-9474-1A3956D46DE8}") = "Solution Items", "Solution Items", "{F84D03E1-75EB-43CE-8181-44B6AEBD7158}"
	ProjectSection(SolutionItems) = preProject
		Cashfluir.vsmdi = Cashfluir.vsmdi
		Local.testsettings = Local.testsettings
		TraceAndTestImpact.testsettings = TraceAndTestImpact.testsettings
	EndProjectSection
EndProject
Global
	GlobalSection(TestCaseManagementSettings) = postSolution
		CategoryFile = Cashfluir.vsmdi
	EndGlobalSection
	GlobalSection(SolutionConfigurationPlatforms) = preSolution
		Debug|Any CPU = Debug|Any CPU
		Release|Any CPU = Release|Any CPU
	EndGlobalSection
	GlobalSection(ProjectConfigurationPlatforms) = postSolution
		{C2FECBD0-ADC2-409F-9E35-76393BD21958}.Debug|Any CPU.ActiveCfg = Debug|Any CPU
		{C2FECBD0-ADC2-409F-9E35-76393BD21958}.Debug|Any CPU.Build.0 = Debug|Any CPU
		{C2FECBD0-ADC2-409F-9E35-76393BD21958}.Release|Any CPU.ActiveCfg = Release|Any CPU
		{C2FECBD0-ADC2-409F-9E35-76393BD21958}.Release|Any CPU.Build.0 = Release|Any CPU
		{4333B2F9-C88B-46C7-852D-611376C6934F}.Debug|Any CPU.ActiveCfg = Debug|Any CPU
		{4333B2F9-C88B-46C7-852D-611376C6934F}.Debug|Any CPU.Build.0 = Debug|Any CPU
		{4333B2F9-C88B-46C7-852D-611376C6934F}.Release|Any CPU.ActiveCfg = Release|Any CPU
		{4333B2F9-C88B-46C7-852D-611376C6934F}.Release|Any CPU.Build.0 = Release|Any CPU
		{A97BE03B-867D-4BD9-A53C-CF19856B2348}.Debug|Any CPU.ActiveCfg = Debug|Any CPU
		{A97BE03B-867D-4BD9-A53C-CF19856B2348}.Debug|Any CPU.Build.0 = Debug|Any CPU
		{A97BE03B-867D-4BD9-A53C-CF19856B2348}.Release|Any CPU.ActiveCfg = Release|Any CPU
		{A97BE03B-867D-4BD9-A53C-CF19856B2348}.Release|Any CPU.Build.0 = Release|Any CPU
	EndGlobalSection
	GlobalSection(SolutionProperties) = preSolution
		HideSolutionNode = FALSE
	EndGlobalSection
EndGlobal
