
Microsoft Visual Studio Solution File, Format Version 11.00
# Visual Studio 2010
Project("{FAE04EC0-301F-11D3-BF4B-00C04F79EFBC}") = "Cashfluir", "Cashfluir.csproj", "{C2FECBD0-ADC2-409F-9E35-76393BD21958}"
EndProject
Project("{FAE04EC0-301F-11D3-BF4B-00C04F79EFBC}") = "Cashfluir.Web", "..\Cashfluir.Web\Cashfluir.Web.csproj", "{4333B2F9-C88B-46C7-852D-611376C6934F}"
EndProject
Global
	GlobalSection(SolutionConfigurationPlatforms) = preSolution
		Debug|Any CPU = Debug|Any CPU
		Release|Any CPU = Release|Any CPU
	EndGlobalSection
	GlobalSection(ProjectConfigurationPlatforms) = postSolution
		{C2FECBD0-ADC2-409F-9E35-76393BD21958}.Debug|Any CPU.ActiveCfg = Debug|Any CPU
		{C2FECBD0-ADC2-409F-9E35-76393BD21958}.Debug|Any CPU.Build.0 = Debug|Any CPU
		{C2FECBD0-ADC2-409F-9E35-76393BD21958}.Release|Any CPU.ActiveCfg = Release|Any CPU
		{C2FECBD0-ADC2-409F-9E35-76393BD21958}.Release|Any CPU.Build.0 = Release|Any CPU
		{4333B2F9-C88B-46C7-852D-611376C6934F}.Debug|Any CPU.ActiveCfg = Debug|Any CPU
		{4333B2F9-C88B-46C7-852D-611376C6934F}.Debug|Any CPU.Build.0 = Debug|Any CPU
		{4333B2F9-C88B-46C7-852D-611376C6934F}.Release|Any CPU.ActiveCfg = Release|Any CPU
		{4333B2F9-C88B-46C7-852D-611376C6934F}.Release|Any CPU.Build.0 = Release|Any CPU
	EndGlobalSection
	GlobalSection(SolutionProperties) = preSolution
		HideSolutionNode = FALSE
	EndGlobalSection
EndGlobal
